GIT
  remote: https://github.com/gocardless/prius
  revision: cff701b3bfb182afc99a85657d7c9f3d6c1ccce2
  specs:
    prius (1.0.0)

PATH
  remote: plugins/bump-core
  specs:
    bump-core (0.6.5)
      bundler (>= 1.12.0)
      excon (~> 0.55)
      gemnasium-parser (~> 0.1)
      gems (~> 1.0)
      octokit (~> 4.6)

GEM
  remote: https://rubygems.org/
  specs:
    business (1.4.0)
    statesman (1.2.1)

PLATFORMS
  ruby

DEPENDENCIES
  bump-core!
  business (~> 1.4.0)
  statesman (~> 1.2.0)

BUNDLED WITH
   1.10.6
